
Microsoft Visual Studio Solution File, Format Version 12.00
# Visual Studio Version 16
VisualStudioVersion = 16.0.31729.503
MinimumVisualStudioVersion = 10.0.40219.1
Project("{2150E333-8FDC-42A3-9474-1A3956D46DE8}") = "APIGateways", "APIGateways", "{03541170-4E6E-4DE2-B503-409B8DEEC9D0}"
EndProject
Project("{2150E333-8FDC-42A3-9474-1A3956D46DE8}") = "MicroServices", "MicroServices", "{5A633F75-6998-4A52-9062-39102CB0FBDA}"
EndProject
Project("{2150E333-8FDC-42A3-9474-1A3956D46DE8}") = "ContactAPI", "ContactAPI", "{DC350FDC-1189-44F4-867B-2C6256C8136C}"
EndProject
Project("{2150E333-8FDC-42A3-9474-1A3956D46DE8}") = "ReportAPI", "ReportAPI", "{BE2B7953-AB43-4443-A5E8-093D63983C04}"
EndProject
Project("{9A19103F-16F7-4668-BE54-9A1E7A4F7556}") = "APIGateway.Ocelot", "APIGateways\APIGateway.Ocelot\APIGateway.Ocelot.csproj", "{D4DB8D3C-0255-4CA3-94DA-2A2AD05541FB}"
EndProject
Project("{9A19103F-16F7-4668-BE54-9A1E7A4F7556}") = "Contact.API", "MicroServices\ContactAPI\Contact.API\Contact.API.csproj", "{B742C375-4CA8-43BD-B3C7-27B3A37CFBC4}"
EndProject
Project("{9A19103F-16F7-4668-BE54-9A1E7A4F7556}") = "Report.API", "MicroServices\ReportAPI\Report.API\Report.API.csproj", "{0A02CBAC-3B61-49C8-AA03-AD2CC05412B6}"
EndProject
Project("{9A19103F-16F7-4668-BE54-9A1E7A4F7556}") = "Contact.API.Entities", "MicroServices\ContactAPI\Contact.API.Entities\Contact.API.Entities.csproj", "{44F9A0C5-8D67-4491-B425-AC198A3B91B5}"
EndProject
Project("{9A19103F-16F7-4668-BE54-9A1E7A4F7556}") = "Contact.API.Services", "MicroServices\ContactAPI\Contact.API.Services\Contact.API.Services.csproj", "{DC70A715-C854-4B89-A238-CB48C248260A}"
EndProject
Project("{9A19103F-16F7-4668-BE54-9A1E7A4F7556}") = "Contact.API.Common", "MicroServices\ContactAPI\Contact.API.Common\Contact.API.Common.csproj", "{331EE563-57BA-4BBC-8368-562CBCC54628}"
EndProject
Project("{9A19103F-16F7-4668-BE54-9A1E7A4F7556}") = "Contact.API.DataAccess", "MicroServices\ContactAPI\Contact.API.DataAccess\Contact.API.DataAccess.csproj", "{3C7BE382-8579-4327-B45E-6C19AF14216C}"
EndProject
Global
	GlobalSection(SolutionConfigurationPlatforms) = preSolution
		Debug|Any CPU = Debug|Any CPU
		Release|Any CPU = Release|Any CPU
	EndGlobalSection
	GlobalSection(ProjectConfigurationPlatforms) = postSolution
		{D4DB8D3C-0255-4CA3-94DA-2A2AD05541FB}.Debug|Any CPU.ActiveCfg = Debug|Any CPU
		{D4DB8D3C-0255-4CA3-94DA-2A2AD05541FB}.Debug|Any CPU.Build.0 = Debug|Any CPU
		{D4DB8D3C-0255-4CA3-94DA-2A2AD05541FB}.Release|Any CPU.ActiveCfg = Release|Any CPU
		{D4DB8D3C-0255-4CA3-94DA-2A2AD05541FB}.Release|Any CPU.Build.0 = Release|Any CPU
		{B742C375-4CA8-43BD-B3C7-27B3A37CFBC4}.Debug|Any CPU.ActiveCfg = Debug|Any CPU
		{B742C375-4CA8-43BD-B3C7-27B3A37CFBC4}.Debug|Any CPU.Build.0 = Debug|Any CPU
		{B742C375-4CA8-43BD-B3C7-27B3A37CFBC4}.Release|Any CPU.ActiveCfg = Release|Any CPU
		{B742C375-4CA8-43BD-B3C7-27B3A37CFBC4}.Release|Any CPU.Build.0 = Release|Any CPU
		{0A02CBAC-3B61-49C8-AA03-AD2CC05412B6}.Debug|Any CPU.ActiveCfg = Debug|Any CPU
		{0A02CBAC-3B61-49C8-AA03-AD2CC05412B6}.Debug|Any CPU.Build.0 = Debug|Any CPU
		{0A02CBAC-3B61-49C8-AA03-AD2CC05412B6}.Release|Any CPU.ActiveCfg = Release|Any CPU
		{0A02CBAC-3B61-49C8-AA03-AD2CC05412B6}.Release|Any CPU.Build.0 = Release|Any CPU
		{44F9A0C5-8D67-4491-B425-AC198A3B91B5}.Debug|Any CPU.ActiveCfg = Debug|Any CPU
		{44F9A0C5-8D67-4491-B425-AC198A3B91B5}.Debug|Any CPU.Build.0 = Debug|Any CPU
		{44F9A0C5-8D67-4491-B425-AC198A3B91B5}.Release|Any CPU.ActiveCfg = Release|Any CPU
		{44F9A0C5-8D67-4491-B425-AC198A3B91B5}.Release|Any CPU.Build.0 = Release|Any CPU
		{DC70A715-C854-4B89-A238-CB48C248260A}.Debug|Any CPU.ActiveCfg = Debug|Any CPU
		{DC70A715-C854-4B89-A238-CB48C248260A}.Debug|Any CPU.Build.0 = Debug|Any CPU
		{DC70A715-C854-4B89-A238-CB48C248260A}.Release|Any CPU.ActiveCfg = Release|Any CPU
		{DC70A715-C854-4B89-A238-CB48C248260A}.Release|Any CPU.Build.0 = Release|Any CPU
		{331EE563-57BA-4BBC-8368-562CBCC54628}.Debug|Any CPU.ActiveCfg = Debug|Any CPU
		{331EE563-57BA-4BBC-8368-562CBCC54628}.Debug|Any CPU.Build.0 = Debug|Any CPU
		{331EE563-57BA-4BBC-8368-562CBCC54628}.Release|Any CPU.ActiveCfg = Release|Any CPU
		{331EE563-57BA-4BBC-8368-562CBCC54628}.Release|Any CPU.Build.0 = Release|Any CPU
		{3C7BE382-8579-4327-B45E-6C19AF14216C}.Debug|Any CPU.ActiveCfg = Debug|Any CPU
		{3C7BE382-8579-4327-B45E-6C19AF14216C}.Debug|Any CPU.Build.0 = Debug|Any CPU
		{3C7BE382-8579-4327-B45E-6C19AF14216C}.Release|Any CPU.ActiveCfg = Release|Any CPU
		{3C7BE382-8579-4327-B45E-6C19AF14216C}.Release|Any CPU.Build.0 = Release|Any CPU
	EndGlobalSection
	GlobalSection(SolutionProperties) = preSolution
		HideSolutionNode = FALSE
	EndGlobalSection
	GlobalSection(NestedProjects) = preSolution
		{DC350FDC-1189-44F4-867B-2C6256C8136C} = {5A633F75-6998-4A52-9062-39102CB0FBDA}
		{BE2B7953-AB43-4443-A5E8-093D63983C04} = {5A633F75-6998-4A52-9062-39102CB0FBDA}
		{D4DB8D3C-0255-4CA3-94DA-2A2AD05541FB} = {03541170-4E6E-4DE2-B503-409B8DEEC9D0}
		{B742C375-4CA8-43BD-B3C7-27B3A37CFBC4} = {DC350FDC-1189-44F4-867B-2C6256C8136C}
		{0A02CBAC-3B61-49C8-AA03-AD2CC05412B6} = {BE2B7953-AB43-4443-A5E8-093D63983C04}
		{44F9A0C5-8D67-4491-B425-AC198A3B91B5} = {DC350FDC-1189-44F4-867B-2C6256C8136C}
		{DC70A715-C854-4B89-A238-CB48C248260A} = {DC350FDC-1189-44F4-867B-2C6256C8136C}
		{331EE563-57BA-4BBC-8368-562CBCC54628} = {DC350FDC-1189-44F4-867B-2C6256C8136C}
		{3C7BE382-8579-4327-B45E-6C19AF14216C} = {DC350FDC-1189-44F4-867B-2C6256C8136C}
	EndGlobalSection
	GlobalSection(ExtensibilityGlobals) = postSolution
		SolutionGuid = {63B20439-A082-403F-BE8B-94F2547BF7FC}
	EndGlobalSection
EndGlobal
